
Microsoft Visual Studio Solution File, Format Version 11.00
# Visual Studio 2010
Project("{FAE04EC0-301F-11D3-BF4B-00C04F79EFBC}") = "Assembly-CSharp", "Assembly-CSharp.csproj", "{08e148b9-c121-6225-c92b-2bbbed9cdea5}"
EndProject
Project("{FAE04EC0-301F-11D3-BF4B-00C04F79EFBC}") = "Assembly-CSharp-Editor", "Assembly-CSharp-Editor.csproj", "{c41aeaad-d831-ee99-29d5-9e713f6f79ba}"
EndProject
Global
	GlobalSection(SolutionConfigurationPlatforms) = preSolution
		Debug|Any CPU = Debug|Any CPU
	EndGlobalSection
	GlobalSection(ProjectConfigurationPlatforms) = postSolution
		{08e148b9-c121-6225-c92b-2bbbed9cdea5}.Debug|Any CPU.ActiveCfg = Debug|Any CPU
		{08e148b9-c121-6225-c92b-2bbbed9cdea5}.Debug|Any CPU.Build.0 = Debug|Any CPU
		{c41aeaad-d831-ee99-29d5-9e713f6f79ba}.Debug|Any CPU.ActiveCfg = Debug|Any CPU
		{c41aeaad-d831-ee99-29d5-9e713f6f79ba}.Debug|Any CPU.Build.0 = Debug|Any CPU
	EndGlobalSection
	GlobalSection(SolutionProperties) = preSolution
		HideSolutionNode = FALSE
	EndGlobalSection
EndGlobal
